
Microsoft Visual Studio Solution File, Format Version 12.00
# Visual Studio Version 16
VisualStudioVersion = 16.0.30011.22
MinimumVisualStudioVersion = 10.0.40219.1
Project("{FAE04EC0-301F-11D3-BF4B-00C04F79EFBC}") = "003_ConsoleColor", "003_ConsoleColor.csproj", "{B8E48669-20B5-4427-8804-5AB2E523C80A}"
EndProject
Project("{FAE04EC0-301F-11D3-BF4B-00C04F79EFBC}") = "01_Program", "01_Program\01_Program.csproj", "{8383CCAA-891E-4887-B6EB-24BF2820977A}"
EndProject
Project("{FAE04EC0-301F-11D3-BF4B-00C04F79EFBC}") = "02_Program", "02_Program\02_Program.csproj", "{6704447C-18C1-4DAD-9471-E184787F9028}"
EndProject
Global
	GlobalSection(SolutionConfigurationPlatforms) = preSolution
		Debug|Any CPU = Debug|Any CPU
		Release|Any CPU = Release|Any CPU
	EndGlobalSection
	GlobalSection(ProjectConfigurationPlatforms) = postSolution
		{B8E48669-20B5-4427-8804-5AB2E523C80A}.Debug|Any CPU.ActiveCfg = Debug|Any CPU
		{B8E48669-20B5-4427-8804-5AB2E523C80A}.Debug|Any CPU.Build.0 = Debug|Any CPU
		{B8E48669-20B5-4427-8804-5AB2E523C80A}.Release|Any CPU.ActiveCfg = Release|Any CPU
		{B8E48669-20B5-4427-8804-5AB2E523C80A}.Release|Any CPU.Build.0 = Release|Any CPU
		{8383CCAA-891E-4887-B6EB-24BF2820977A}.Debug|Any CPU.ActiveCfg = Debug|Any CPU
		{8383CCAA-891E-4887-B6EB-24BF2820977A}.Debug|Any CPU.Build.0 = Debug|Any CPU
		{8383CCAA-891E-4887-B6EB-24BF2820977A}.Release|Any CPU.ActiveCfg = Release|Any CPU
		{8383CCAA-891E-4887-B6EB-24BF2820977A}.Release|Any CPU.Build.0 = Release|Any CPU
		{6704447C-18C1-4DAD-9471-E184787F9028}.Debug|Any CPU.ActiveCfg = Debug|Any CPU
		{6704447C-18C1-4DAD-9471-E184787F9028}.Debug|Any CPU.Build.0 = Debug|Any CPU
		{6704447C-18C1-4DAD-9471-E184787F9028}.Release|Any CPU.ActiveCfg = Release|Any CPU
		{6704447C-18C1-4DAD-9471-E184787F9028}.Release|Any CPU.Build.0 = Release|Any CPU
	EndGlobalSection
	GlobalSection(SolutionProperties) = preSolution
		HideSolutionNode = FALSE
	EndGlobalSection
	GlobalSection(ExtensibilityGlobals) = postSolution
		SolutionGuid = {A79287DF-AE32-4924-956B-C20E7E16F420}
	EndGlobalSection
EndGlobal
