
Microsoft Visual Studio Solution File, Format Version 12.00
# Visual Studio Version 16
VisualStudioVersion = 16.0.30011.22
MinimumVisualStudioVersion = 10.0.40219.1
Project("{FAE04EC0-301F-11D3-BF4B-00C04F79EFBC}") = "Test - Times", "Test - Times.csproj", "{D401BC3F-17EB-4CB4-9892-C7FA092A172A}"
EndProject
Global
	GlobalSection(SolutionConfigurationPlatforms) = preSolution
		Debug|Any CPU = Debug|Any CPU
		Release|Any CPU = Release|Any CPU
	EndGlobalSection
	GlobalSection(ProjectConfigurationPlatforms) = postSolution
		{D401BC3F-17EB-4CB4-9892-C7FA092A172A}.Debug|Any CPU.ActiveCfg = Debug|Any CPU
		{D401BC3F-17EB-4CB4-9892-C7FA092A172A}.Debug|Any CPU.Build.0 = Debug|Any CPU
		{D401BC3F-17EB-4CB4-9892-C7FA092A172A}.Release|Any CPU.ActiveCfg = Release|Any CPU
		{D401BC3F-17EB-4CB4-9892-C7FA092A172A}.Release|Any CPU.Build.0 = Release|Any CPU
	EndGlobalSection
	GlobalSection(SolutionProperties) = preSolution
		HideSolutionNode = FALSE
	EndGlobalSection
	GlobalSection(ExtensibilityGlobals) = postSolution
		SolutionGuid = {FCC50EC3-9AF2-4A1F-A743-C419B7EBB202}
	EndGlobalSection
EndGlobal
