
Microsoft Visual Studio Solution File, Format Version 12.00
# Visual Studio Version 16
VisualStudioVersion = 16.0.30011.22
MinimumVisualStudioVersion = 10.0.40219.1
Project("{FAE04EC0-301F-11D3-BF4B-00C04F79EFBC}") = "004_MathProblem", "004_MathProblem.csproj", "{F15FF28C-769B-4110-BC73-8795452F4FBA}"
EndProject
Global
	GlobalSection(SolutionConfigurationPlatforms) = preSolution
		Debug|Any CPU = Debug|Any CPU
		Release|Any CPU = Release|Any CPU
	EndGlobalSection
	GlobalSection(ProjectConfigurationPlatforms) = postSolution
		{F15FF28C-769B-4110-BC73-8795452F4FBA}.Debug|Any CPU.ActiveCfg = Debug|Any CPU
		{F15FF28C-769B-4110-BC73-8795452F4FBA}.Debug|Any CPU.Build.0 = Debug|Any CPU
		{F15FF28C-769B-4110-BC73-8795452F4FBA}.Release|Any CPU.ActiveCfg = Release|Any CPU
		{F15FF28C-769B-4110-BC73-8795452F4FBA}.Release|Any CPU.Build.0 = Release|Any CPU
	EndGlobalSection
	GlobalSection(SolutionProperties) = preSolution
		HideSolutionNode = FALSE
	EndGlobalSection
	GlobalSection(ExtensibilityGlobals) = postSolution
		SolutionGuid = {A4E22CDE-1897-4697-A17C-48917057AE41}
	EndGlobalSection
EndGlobal
