
Microsoft Visual Studio Solution File, Format Version 12.00
# Visual Studio Version 16
VisualStudioVersion = 16.0.30413.136
MinimumVisualStudioVersion = 10.0.40219.1
Project("{FAE04EC0-301F-11D3-BF4B-00C04F79EFBC}") = "Homework_TrianglePerimeter", "Homework_TrianglePerimeter.csproj", "{5D1F4800-C17F-41D5-9C79-023AD9EE115A}"
EndProject
Global
	GlobalSection(SolutionConfigurationPlatforms) = preSolution
		Debug|Any CPU = Debug|Any CPU
		Release|Any CPU = Release|Any CPU
	EndGlobalSection
	GlobalSection(ProjectConfigurationPlatforms) = postSolution
		{5D1F4800-C17F-41D5-9C79-023AD9EE115A}.Debug|Any CPU.ActiveCfg = Debug|Any CPU
		{5D1F4800-C17F-41D5-9C79-023AD9EE115A}.Debug|Any CPU.Build.0 = Debug|Any CPU
		{5D1F4800-C17F-41D5-9C79-023AD9EE115A}.Release|Any CPU.ActiveCfg = Release|Any CPU
		{5D1F4800-C17F-41D5-9C79-023AD9EE115A}.Release|Any CPU.Build.0 = Release|Any CPU
	EndGlobalSection
	GlobalSection(SolutionProperties) = preSolution
		HideSolutionNode = FALSE
	EndGlobalSection
	GlobalSection(ExtensibilityGlobals) = postSolution
		SolutionGuid = {55478C5B-465B-4E2C-8A4F-8BB124C6E107}
	EndGlobalSection
EndGlobal
