
Microsoft Visual Studio Solution File, Format Version 12.00
# Visual Studio Version 16
VisualStudioVersion = 16.0.30413.136
MinimumVisualStudioVersion = 10.0.40219.1
Project("{FAE04EC0-301F-11D3-BF4B-00C04F79EFBC}") = "004_Project", "004_Project.csproj", "{7BE00978-FA2C-4824-8E6E-B94DAB9D5450}"
EndProject
Global
	GlobalSection(SolutionConfigurationPlatforms) = preSolution
		Debug|Any CPU = Debug|Any CPU
		Release|Any CPU = Release|Any CPU
	EndGlobalSection
	GlobalSection(ProjectConfigurationPlatforms) = postSolution
		{7BE00978-FA2C-4824-8E6E-B94DAB9D5450}.Debug|Any CPU.ActiveCfg = Debug|Any CPU
		{7BE00978-FA2C-4824-8E6E-B94DAB9D5450}.Debug|Any CPU.Build.0 = Debug|Any CPU
		{7BE00978-FA2C-4824-8E6E-B94DAB9D5450}.Release|Any CPU.ActiveCfg = Release|Any CPU
		{7BE00978-FA2C-4824-8E6E-B94DAB9D5450}.Release|Any CPU.Build.0 = Release|Any CPU
	EndGlobalSection
	GlobalSection(SolutionProperties) = preSolution
		HideSolutionNode = FALSE
	EndGlobalSection
	GlobalSection(ExtensibilityGlobals) = postSolution
		SolutionGuid = {361FC81D-4F37-4AB1-8F3D-31D1646341DF}
	EndGlobalSection
EndGlobal
