
Microsoft Visual Studio Solution File, Format Version 12.00
# Visual Studio Version 16
VisualStudioVersion = 16.0.30011.22
MinimumVisualStudioVersion = 10.0.40219.1
Project("{FAE04EC0-301F-11D3-BF4B-00C04F79EFBC}") = "002_DoWhile", "002_DoWhile.csproj", "{D507E37B-3365-40E7-8BFB-1F91A12296AF}"
EndProject
Global
	GlobalSection(SolutionConfigurationPlatforms) = preSolution
		Debug|Any CPU = Debug|Any CPU
		Release|Any CPU = Release|Any CPU
	EndGlobalSection
	GlobalSection(ProjectConfigurationPlatforms) = postSolution
		{D507E37B-3365-40E7-8BFB-1F91A12296AF}.Debug|Any CPU.ActiveCfg = Debug|Any CPU
		{D507E37B-3365-40E7-8BFB-1F91A12296AF}.Debug|Any CPU.Build.0 = Debug|Any CPU
		{D507E37B-3365-40E7-8BFB-1F91A12296AF}.Release|Any CPU.ActiveCfg = Release|Any CPU
		{D507E37B-3365-40E7-8BFB-1F91A12296AF}.Release|Any CPU.Build.0 = Release|Any CPU
	EndGlobalSection
	GlobalSection(SolutionProperties) = preSolution
		HideSolutionNode = FALSE
	EndGlobalSection
	GlobalSection(ExtensibilityGlobals) = postSolution
		SolutionGuid = {071BB0B4-B95B-4542-BCF9-BA4BFDA73BBE}
	EndGlobalSection
EndGlobal
