
Microsoft Visual Studio Solution File, Format Version 12.00
# Visual Studio Version 16
VisualStudioVersion = 16.0.30011.22
MinimumVisualStudioVersion = 10.0.40219.1
Project("{FAE04EC0-301F-11D3-BF4B-00C04F79EFBC}") = "001_Method", "001_Method.csproj", "{2A5527EE-9AB3-4D54-AC44-F127EA63CF99}"
EndProject
Global
	GlobalSection(SolutionConfigurationPlatforms) = preSolution
		Debug|Any CPU = Debug|Any CPU
		Release|Any CPU = Release|Any CPU
	EndGlobalSection
	GlobalSection(ProjectConfigurationPlatforms) = postSolution
		{2A5527EE-9AB3-4D54-AC44-F127EA63CF99}.Debug|Any CPU.ActiveCfg = Debug|Any CPU
		{2A5527EE-9AB3-4D54-AC44-F127EA63CF99}.Debug|Any CPU.Build.0 = Debug|Any CPU
		{2A5527EE-9AB3-4D54-AC44-F127EA63CF99}.Release|Any CPU.ActiveCfg = Release|Any CPU
		{2A5527EE-9AB3-4D54-AC44-F127EA63CF99}.Release|Any CPU.Build.0 = Release|Any CPU
	EndGlobalSection
	GlobalSection(SolutionProperties) = preSolution
		HideSolutionNode = FALSE
	EndGlobalSection
	GlobalSection(ExtensibilityGlobals) = postSolution
		SolutionGuid = {46C63E02-5A0E-49BF-8726-FEC5DF45039B}
	EndGlobalSection
EndGlobal
