
Microsoft Visual Studio Solution File, Format Version 12.00
# Visual Studio Version 16
VisualStudioVersion = 16.0.30517.126
MinimumVisualStudioVersion = 10.0.40219.1
Project("{FAE04EC0-301F-11D3-BF4B-00C04F79EFBC}") = "005_DocumentWorker", "005_DocumentWorker.csproj", "{BC92792E-AF55-4189-BE0F-2C56FCC11D58}"
EndProject
Global
	GlobalSection(SolutionConfigurationPlatforms) = preSolution
		Debug|Any CPU = Debug|Any CPU
		Release|Any CPU = Release|Any CPU
	EndGlobalSection
	GlobalSection(ProjectConfigurationPlatforms) = postSolution
		{BC92792E-AF55-4189-BE0F-2C56FCC11D58}.Debug|Any CPU.ActiveCfg = Debug|Any CPU
		{BC92792E-AF55-4189-BE0F-2C56FCC11D58}.Debug|Any CPU.Build.0 = Debug|Any CPU
		{BC92792E-AF55-4189-BE0F-2C56FCC11D58}.Release|Any CPU.ActiveCfg = Release|Any CPU
		{BC92792E-AF55-4189-BE0F-2C56FCC11D58}.Release|Any CPU.Build.0 = Release|Any CPU
	EndGlobalSection
	GlobalSection(SolutionProperties) = preSolution
		HideSolutionNode = FALSE
	EndGlobalSection
	GlobalSection(ExtensibilityGlobals) = postSolution
		SolutionGuid = {0A01B628-81D7-4EDD-9AD9-C0018485937C}
	EndGlobalSection
EndGlobal
