
Microsoft Visual Studio Solution File, Format Version 12.00
# Visual Studio Version 16
VisualStudioVersion = 16.0.30517.126
MinimumVisualStudioVersion = 10.0.40219.1
Project("{FAE04EC0-301F-11D3-BF4B-00C04F79EFBC}") = "003_ClassRoom", "003_ClassRoom.csproj", "{BC329794-1A1B-436A-B5E9-23B1F672CEC8}"
EndProject
Global
	GlobalSection(SolutionConfigurationPlatforms) = preSolution
		Debug|Any CPU = Debug|Any CPU
		Release|Any CPU = Release|Any CPU
	EndGlobalSection
	GlobalSection(ProjectConfigurationPlatforms) = postSolution
		{BC329794-1A1B-436A-B5E9-23B1F672CEC8}.Debug|Any CPU.ActiveCfg = Debug|Any CPU
		{BC329794-1A1B-436A-B5E9-23B1F672CEC8}.Debug|Any CPU.Build.0 = Debug|Any CPU
		{BC329794-1A1B-436A-B5E9-23B1F672CEC8}.Release|Any CPU.ActiveCfg = Release|Any CPU
		{BC329794-1A1B-436A-B5E9-23B1F672CEC8}.Release|Any CPU.Build.0 = Release|Any CPU
	EndGlobalSection
	GlobalSection(SolutionProperties) = preSolution
		HideSolutionNode = FALSE
	EndGlobalSection
	GlobalSection(ExtensibilityGlobals) = postSolution
		SolutionGuid = {772623BB-8C51-4E36-BBD5-D19CEC63ABB5}
	EndGlobalSection
EndGlobal
