
Microsoft Visual Studio Solution File, Format Version 12.00
# Visual Studio Version 16
VisualStudioVersion = 16.0.30517.126
MinimumVisualStudioVersion = 10.0.40219.1
Project("{FAE04EC0-301F-11D3-BF4B-00C04F79EFBC}") = "02_InterfacesHW", "02_InterfacesHW.csproj", "{8E629175-5355-45F6-A218-DA95FE677964}"
EndProject
Global
	GlobalSection(SolutionConfigurationPlatforms) = preSolution
		Debug|Any CPU = Debug|Any CPU
		Release|Any CPU = Release|Any CPU
	EndGlobalSection
	GlobalSection(ProjectConfigurationPlatforms) = postSolution
		{8E629175-5355-45F6-A218-DA95FE677964}.Debug|Any CPU.ActiveCfg = Debug|Any CPU
		{8E629175-5355-45F6-A218-DA95FE677964}.Debug|Any CPU.Build.0 = Debug|Any CPU
		{8E629175-5355-45F6-A218-DA95FE677964}.Release|Any CPU.ActiveCfg = Release|Any CPU
		{8E629175-5355-45F6-A218-DA95FE677964}.Release|Any CPU.Build.0 = Release|Any CPU
	EndGlobalSection
	GlobalSection(SolutionProperties) = preSolution
		HideSolutionNode = FALSE
	EndGlobalSection
	GlobalSection(ExtensibilityGlobals) = postSolution
		SolutionGuid = {9949EC72-EE30-4D76-8C4E-6680BB7694DB}
	EndGlobalSection
EndGlobal
