
Microsoft Visual Studio Solution File, Format Version 12.00
# Visual Studio Version 16
VisualStudioVersion = 16.0.30011.22
MinimumVisualStudioVersion = 10.0.40219.1
Project("{FAE04EC0-301F-11D3-BF4B-00C04F79EFBC}") = "005_ArrayTwoDimensional", "005_ArrayTwoDimensional.csproj", "{3C196278-D5AE-4AFD-89F1-34EF820AF079}"
EndProject
Global
	GlobalSection(SolutionConfigurationPlatforms) = preSolution
		Debug|Any CPU = Debug|Any CPU
		Release|Any CPU = Release|Any CPU
	EndGlobalSection
	GlobalSection(ProjectConfigurationPlatforms) = postSolution
		{3C196278-D5AE-4AFD-89F1-34EF820AF079}.Debug|Any CPU.ActiveCfg = Debug|Any CPU
		{3C196278-D5AE-4AFD-89F1-34EF820AF079}.Debug|Any CPU.Build.0 = Debug|Any CPU
		{3C196278-D5AE-4AFD-89F1-34EF820AF079}.Release|Any CPU.ActiveCfg = Release|Any CPU
		{3C196278-D5AE-4AFD-89F1-34EF820AF079}.Release|Any CPU.Build.0 = Release|Any CPU
	EndGlobalSection
	GlobalSection(SolutionProperties) = preSolution
		HideSolutionNode = FALSE
	EndGlobalSection
	GlobalSection(ExtensibilityGlobals) = postSolution
		SolutionGuid = {5B8CD316-8C65-44F4-9639-D5DFF8F9B735}
	EndGlobalSection
EndGlobal
