
Microsoft Visual Studio Solution File, Format Version 12.00
# Visual Studio Version 16
VisualStudioVersion = 16.0.30011.22
MinimumVisualStudioVersion = 10.0.40219.1
Project("{FAE04EC0-301F-11D3-BF4B-00C04F79EFBC}") = "004_Authentication", "004_Authentication.csproj", "{BBA7215F-54FD-4EA6-AD4D-A120213ED1AD}"
EndProject
Global
	GlobalSection(SolutionConfigurationPlatforms) = preSolution
		Debug|Any CPU = Debug|Any CPU
		Release|Any CPU = Release|Any CPU
	EndGlobalSection
	GlobalSection(ProjectConfigurationPlatforms) = postSolution
		{BBA7215F-54FD-4EA6-AD4D-A120213ED1AD}.Debug|Any CPU.ActiveCfg = Debug|Any CPU
		{BBA7215F-54FD-4EA6-AD4D-A120213ED1AD}.Debug|Any CPU.Build.0 = Debug|Any CPU
		{BBA7215F-54FD-4EA6-AD4D-A120213ED1AD}.Release|Any CPU.ActiveCfg = Release|Any CPU
		{BBA7215F-54FD-4EA6-AD4D-A120213ED1AD}.Release|Any CPU.Build.0 = Release|Any CPU
	EndGlobalSection
	GlobalSection(SolutionProperties) = preSolution
		HideSolutionNode = FALSE
	EndGlobalSection
	GlobalSection(ExtensibilityGlobals) = postSolution
		SolutionGuid = {75CFA0DE-D886-48B6-871B-A1674F22B84A}
	EndGlobalSection
EndGlobal
