
Microsoft Visual Studio Solution File, Format Version 12.00
# Visual Studio Version 16
VisualStudioVersion = 16.0.30011.22
MinimumVisualStudioVersion = 10.0.40219.1
Project("{FAE04EC0-301F-11D3-BF4B-00C04F79EFBC}") = "004_Methods", "004_Methods.csproj", "{C8A29A26-324E-49DF-86D8-83E7B92E6759}"
EndProject
Global
	GlobalSection(SolutionConfigurationPlatforms) = preSolution
		Debug|Any CPU = Debug|Any CPU
		Release|Any CPU = Release|Any CPU
	EndGlobalSection
	GlobalSection(ProjectConfigurationPlatforms) = postSolution
		{C8A29A26-324E-49DF-86D8-83E7B92E6759}.Debug|Any CPU.ActiveCfg = Debug|Any CPU
		{C8A29A26-324E-49DF-86D8-83E7B92E6759}.Debug|Any CPU.Build.0 = Debug|Any CPU
		{C8A29A26-324E-49DF-86D8-83E7B92E6759}.Release|Any CPU.ActiveCfg = Release|Any CPU
		{C8A29A26-324E-49DF-86D8-83E7B92E6759}.Release|Any CPU.Build.0 = Release|Any CPU
	EndGlobalSection
	GlobalSection(SolutionProperties) = preSolution
		HideSolutionNode = FALSE
	EndGlobalSection
	GlobalSection(ExtensibilityGlobals) = postSolution
		SolutionGuid = {1247FBB9-AAC1-49BC-BE29-B5B1EC179597}
	EndGlobalSection
EndGlobal
