
Microsoft Visual Studio Solution File, Format Version 12.00
# Visual Studio Version 16
VisualStudioVersion = 16.0.30413.136
MinimumVisualStudioVersion = 10.0.40219.1
Project("{FAE04EC0-301F-11D3-BF4B-00C04F79EFBC}") = "006_Classes", "006_Classes.csproj", "{271E7C70-D6ED-4B5B-9373-58DB1DF0A7A7}"
EndProject
Global
	GlobalSection(SolutionConfigurationPlatforms) = preSolution
		Debug|Any CPU = Debug|Any CPU
		Release|Any CPU = Release|Any CPU
	EndGlobalSection
	GlobalSection(ProjectConfigurationPlatforms) = postSolution
		{271E7C70-D6ED-4B5B-9373-58DB1DF0A7A7}.Debug|Any CPU.ActiveCfg = Debug|Any CPU
		{271E7C70-D6ED-4B5B-9373-58DB1DF0A7A7}.Debug|Any CPU.Build.0 = Debug|Any CPU
		{271E7C70-D6ED-4B5B-9373-58DB1DF0A7A7}.Release|Any CPU.ActiveCfg = Release|Any CPU
		{271E7C70-D6ED-4B5B-9373-58DB1DF0A7A7}.Release|Any CPU.Build.0 = Release|Any CPU
	EndGlobalSection
	GlobalSection(SolutionProperties) = preSolution
		HideSolutionNode = FALSE
	EndGlobalSection
	GlobalSection(ExtensibilityGlobals) = postSolution
		SolutionGuid = {5D379C45-2205-4C02-A3C5-9FB73BDE767E}
	EndGlobalSection
EndGlobal
