
Microsoft Visual Studio Solution File, Format Version 12.00
# Visual Studio Version 16
VisualStudioVersion = 16.0.30011.22
MinimumVisualStudioVersion = 10.0.40219.1
Project("{FAE04EC0-301F-11D3-BF4B-00C04F79EFBC}") = "009_JaggedArray", "009_JaggedArray.csproj", "{B7DCB2C3-1B0C-4135-A556-E219DBAE719A}"
EndProject
Global
	GlobalSection(SolutionConfigurationPlatforms) = preSolution
		Debug|Any CPU = Debug|Any CPU
		Release|Any CPU = Release|Any CPU
	EndGlobalSection
	GlobalSection(ProjectConfigurationPlatforms) = postSolution
		{B7DCB2C3-1B0C-4135-A556-E219DBAE719A}.Debug|Any CPU.ActiveCfg = Debug|Any CPU
		{B7DCB2C3-1B0C-4135-A556-E219DBAE719A}.Debug|Any CPU.Build.0 = Debug|Any CPU
		{B7DCB2C3-1B0C-4135-A556-E219DBAE719A}.Release|Any CPU.ActiveCfg = Release|Any CPU
		{B7DCB2C3-1B0C-4135-A556-E219DBAE719A}.Release|Any CPU.Build.0 = Release|Any CPU
	EndGlobalSection
	GlobalSection(SolutionProperties) = preSolution
		HideSolutionNode = FALSE
	EndGlobalSection
	GlobalSection(ExtensibilityGlobals) = postSolution
		SolutionGuid = {2CEAC989-FEDF-4A52-AB1B-17804D4587AA}
	EndGlobalSection
EndGlobal
