
Microsoft Visual Studio Solution File, Format Version 12.00
# Visual Studio Version 16
VisualStudioVersion = 16.0.30011.22
MinimumVisualStudioVersion = 10.0.40219.1
Project("{FAE04EC0-301F-11D3-BF4B-00C04F79EFBC}") = "003_Methods", "003_Methods.csproj", "{43D2E595-A9E9-4677-B188-F089A04F18DC}"
EndProject
Global
	GlobalSection(SolutionConfigurationPlatforms) = preSolution
		Debug|Any CPU = Debug|Any CPU
		Release|Any CPU = Release|Any CPU
	EndGlobalSection
	GlobalSection(ProjectConfigurationPlatforms) = postSolution
		{43D2E595-A9E9-4677-B188-F089A04F18DC}.Debug|Any CPU.ActiveCfg = Debug|Any CPU
		{43D2E595-A9E9-4677-B188-F089A04F18DC}.Debug|Any CPU.Build.0 = Debug|Any CPU
		{43D2E595-A9E9-4677-B188-F089A04F18DC}.Release|Any CPU.ActiveCfg = Release|Any CPU
		{43D2E595-A9E9-4677-B188-F089A04F18DC}.Release|Any CPU.Build.0 = Release|Any CPU
	EndGlobalSection
	GlobalSection(SolutionProperties) = preSolution
		HideSolutionNode = FALSE
	EndGlobalSection
	GlobalSection(ExtensibilityGlobals) = postSolution
		SolutionGuid = {1A8515C8-D30F-4047-ABAE-2F998B36BFBE}
	EndGlobalSection
EndGlobal
