
Microsoft Visual Studio Solution File, Format Version 12.00
# Visual Studio Version 16
VisualStudioVersion = 16.0.30011.22
MinimumVisualStudioVersion = 10.0.40219.1
Project("{FAE04EC0-301F-11D3-BF4B-00C04F79EFBC}") = "006_Method", "006_Method.csproj", "{C9D6403D-9A1E-44B7-BA8D-58F33464C0E6}"
EndProject
Global
	GlobalSection(SolutionConfigurationPlatforms) = preSolution
		Debug|Any CPU = Debug|Any CPU
		Release|Any CPU = Release|Any CPU
	EndGlobalSection
	GlobalSection(ProjectConfigurationPlatforms) = postSolution
		{C9D6403D-9A1E-44B7-BA8D-58F33464C0E6}.Debug|Any CPU.ActiveCfg = Debug|Any CPU
		{C9D6403D-9A1E-44B7-BA8D-58F33464C0E6}.Debug|Any CPU.Build.0 = Debug|Any CPU
		{C9D6403D-9A1E-44B7-BA8D-58F33464C0E6}.Release|Any CPU.ActiveCfg = Release|Any CPU
		{C9D6403D-9A1E-44B7-BA8D-58F33464C0E6}.Release|Any CPU.Build.0 = Release|Any CPU
	EndGlobalSection
	GlobalSection(SolutionProperties) = preSolution
		HideSolutionNode = FALSE
	EndGlobalSection
	GlobalSection(ExtensibilityGlobals) = postSolution
		SolutionGuid = {0C36E8F1-CDF8-4F58-861D-B012065E49D2}
	EndGlobalSection
EndGlobal
