
Microsoft Visual Studio Solution File, Format Version 12.00
# Visual Studio Version 16
VisualStudioVersion = 16.0.30011.22
MinimumVisualStudioVersion = 10.0.40219.1
Project("{FAE04EC0-301F-11D3-BF4B-00C04F79EFBC}") = "005_Recursion", "005_Recursion.csproj", "{EF2C9D57-0CFC-4FE9-ABC1-A45F2E574E3E}"
EndProject
Global
	GlobalSection(SolutionConfigurationPlatforms) = preSolution
		Debug|Any CPU = Debug|Any CPU
		Release|Any CPU = Release|Any CPU
	EndGlobalSection
	GlobalSection(ProjectConfigurationPlatforms) = postSolution
		{EF2C9D57-0CFC-4FE9-ABC1-A45F2E574E3E}.Debug|Any CPU.ActiveCfg = Debug|Any CPU
		{EF2C9D57-0CFC-4FE9-ABC1-A45F2E574E3E}.Debug|Any CPU.Build.0 = Debug|Any CPU
		{EF2C9D57-0CFC-4FE9-ABC1-A45F2E574E3E}.Release|Any CPU.ActiveCfg = Release|Any CPU
		{EF2C9D57-0CFC-4FE9-ABC1-A45F2E574E3E}.Release|Any CPU.Build.0 = Release|Any CPU
	EndGlobalSection
	GlobalSection(SolutionProperties) = preSolution
		HideSolutionNode = FALSE
	EndGlobalSection
	GlobalSection(ExtensibilityGlobals) = postSolution
		SolutionGuid = {A91B0818-F58B-4CAE-82AA-E2AC2DCF3EB3}
	EndGlobalSection
EndGlobal
