
Microsoft Visual Studio Solution File, Format Version 12.00
# Visual Studio Version 16
VisualStudioVersion = 16.0.30011.22
MinimumVisualStudioVersion = 10.0.40219.1
Project("{FAE04EC0-301F-11D3-BF4B-00C04F79EFBC}") = "005_Comparison", "005_Comparison.csproj", "{C3E9218C-2A56-49B0-810E-7491008803FA}"
EndProject
Global
	GlobalSection(SolutionConfigurationPlatforms) = preSolution
		Debug|Any CPU = Debug|Any CPU
		Release|Any CPU = Release|Any CPU
	EndGlobalSection
	GlobalSection(ProjectConfigurationPlatforms) = postSolution
		{C3E9218C-2A56-49B0-810E-7491008803FA}.Debug|Any CPU.ActiveCfg = Debug|Any CPU
		{C3E9218C-2A56-49B0-810E-7491008803FA}.Debug|Any CPU.Build.0 = Debug|Any CPU
		{C3E9218C-2A56-49B0-810E-7491008803FA}.Release|Any CPU.ActiveCfg = Release|Any CPU
		{C3E9218C-2A56-49B0-810E-7491008803FA}.Release|Any CPU.Build.0 = Release|Any CPU
	EndGlobalSection
	GlobalSection(SolutionProperties) = preSolution
		HideSolutionNode = FALSE
	EndGlobalSection
	GlobalSection(ExtensibilityGlobals) = postSolution
		SolutionGuid = {B65F2B83-DBF2-432C-BD06-FB1F87C98197}
	EndGlobalSection
EndGlobal
