
Microsoft Visual Studio Solution File, Format Version 12.00
# Visual Studio Version 16
VisualStudioVersion = 16.0.30011.22
MinimumVisualStudioVersion = 10.0.40219.1
Project("{FAE04EC0-301F-11D3-BF4B-00C04F79EFBC}") = "006_MethodsRecursiveFactorial", "006_MethodsRecursiveFactorial.csproj", "{E9E57519-7E99-4E51-9492-561A7BC2B169}"
EndProject
Global
	GlobalSection(SolutionConfigurationPlatforms) = preSolution
		Debug|Any CPU = Debug|Any CPU
		Release|Any CPU = Release|Any CPU
	EndGlobalSection
	GlobalSection(ProjectConfigurationPlatforms) = postSolution
		{E9E57519-7E99-4E51-9492-561A7BC2B169}.Debug|Any CPU.ActiveCfg = Debug|Any CPU
		{E9E57519-7E99-4E51-9492-561A7BC2B169}.Debug|Any CPU.Build.0 = Debug|Any CPU
		{E9E57519-7E99-4E51-9492-561A7BC2B169}.Release|Any CPU.ActiveCfg = Release|Any CPU
		{E9E57519-7E99-4E51-9492-561A7BC2B169}.Release|Any CPU.Build.0 = Release|Any CPU
	EndGlobalSection
	GlobalSection(SolutionProperties) = preSolution
		HideSolutionNode = FALSE
	EndGlobalSection
	GlobalSection(ExtensibilityGlobals) = postSolution
		SolutionGuid = {36C20F18-91A9-47BC-B993-1EAB27496FAA}
	EndGlobalSection
EndGlobal
