
Microsoft Visual Studio Solution File, Format Version 12.00
# Visual Studio Version 16
VisualStudioVersion = 16.0.30011.22
MinimumVisualStudioVersion = 10.0.40219.1
Project("{FAE04EC0-301F-11D3-BF4B-00C04F79EFBC}") = "008_LocalVariables", "008_LocalVariables.csproj", "{90F766C3-8DBD-477D-BB3A-C12101D1131C}"
EndProject
Global
	GlobalSection(SolutionConfigurationPlatforms) = preSolution
		Debug|Any CPU = Debug|Any CPU
		Release|Any CPU = Release|Any CPU
	EndGlobalSection
	GlobalSection(ProjectConfigurationPlatforms) = postSolution
		{90F766C3-8DBD-477D-BB3A-C12101D1131C}.Debug|Any CPU.ActiveCfg = Debug|Any CPU
		{90F766C3-8DBD-477D-BB3A-C12101D1131C}.Debug|Any CPU.Build.0 = Debug|Any CPU
		{90F766C3-8DBD-477D-BB3A-C12101D1131C}.Release|Any CPU.ActiveCfg = Release|Any CPU
		{90F766C3-8DBD-477D-BB3A-C12101D1131C}.Release|Any CPU.Build.0 = Release|Any CPU
	EndGlobalSection
	GlobalSection(SolutionProperties) = preSolution
		HideSolutionNode = FALSE
	EndGlobalSection
	GlobalSection(ExtensibilityGlobals) = postSolution
		SolutionGuid = {F05BB985-AFB5-476C-A886-0B841D06F116}
	EndGlobalSection
EndGlobal
