
Microsoft Visual Studio Solution File, Format Version 12.00
# Visual Studio Version 16
VisualStudioVersion = 16.0.30011.22
MinimumVisualStudioVersion = 10.0.40219.1
Project("{FAE04EC0-301F-11D3-BF4B-00C04F79EFBC}") = "010_Method", "010_Method.csproj", "{C819F715-3848-4A2D-9905-879FC8623C1A}"
EndProject
Global
	GlobalSection(SolutionConfigurationPlatforms) = preSolution
		Debug|Any CPU = Debug|Any CPU
		Release|Any CPU = Release|Any CPU
	EndGlobalSection
	GlobalSection(ProjectConfigurationPlatforms) = postSolution
		{C819F715-3848-4A2D-9905-879FC8623C1A}.Debug|Any CPU.ActiveCfg = Debug|Any CPU
		{C819F715-3848-4A2D-9905-879FC8623C1A}.Debug|Any CPU.Build.0 = Debug|Any CPU
		{C819F715-3848-4A2D-9905-879FC8623C1A}.Release|Any CPU.ActiveCfg = Release|Any CPU
		{C819F715-3848-4A2D-9905-879FC8623C1A}.Release|Any CPU.Build.0 = Release|Any CPU
	EndGlobalSection
	GlobalSection(SolutionProperties) = preSolution
		HideSolutionNode = FALSE
	EndGlobalSection
	GlobalSection(ExtensibilityGlobals) = postSolution
		SolutionGuid = {B4302362-4858-4E9B-AB1F-517EB9D6A2C3}
	EndGlobalSection
EndGlobal
