
Microsoft Visual Studio Solution File, Format Version 12.00
# Visual Studio Version 16
VisualStudioVersion = 16.0.30011.22
MinimumVisualStudioVersion = 10.0.40219.1
Project("{FAE04EC0-301F-11D3-BF4B-00C04F79EFBC}") = "005_FloatDoubleDecimal", "005_FloatDoubleDecimal.csproj", "{243DE7D9-BADB-46B4-BF4E-084A81871ABC}"
EndProject
Global
	GlobalSection(SolutionConfigurationPlatforms) = preSolution
		Debug|Any CPU = Debug|Any CPU
		Release|Any CPU = Release|Any CPU
	EndGlobalSection
	GlobalSection(ProjectConfigurationPlatforms) = postSolution
		{243DE7D9-BADB-46B4-BF4E-084A81871ABC}.Debug|Any CPU.ActiveCfg = Debug|Any CPU
		{243DE7D9-BADB-46B4-BF4E-084A81871ABC}.Debug|Any CPU.Build.0 = Debug|Any CPU
		{243DE7D9-BADB-46B4-BF4E-084A81871ABC}.Release|Any CPU.ActiveCfg = Release|Any CPU
		{243DE7D9-BADB-46B4-BF4E-084A81871ABC}.Release|Any CPU.Build.0 = Release|Any CPU
	EndGlobalSection
	GlobalSection(SolutionProperties) = preSolution
		HideSolutionNode = FALSE
	EndGlobalSection
	GlobalSection(ExtensibilityGlobals) = postSolution
		SolutionGuid = {3399D7B7-389E-4455-A339-AC089BA2AA4E}
	EndGlobalSection
EndGlobal
