
Microsoft Visual Studio Solution File, Format Version 12.00
# Visual Studio Version 16
VisualStudioVersion = 16.0.30011.22
MinimumVisualStudioVersion = 10.0.40219.1
Project("{FAE04EC0-301F-11D3-BF4B-00C04F79EFBC}") = "003_Factorial", "003_Factorial.csproj", "{4E7A0AB2-2DF3-4BE9-BD47-F64EEBA59DDF}"
EndProject
Global
	GlobalSection(SolutionConfigurationPlatforms) = preSolution
		Debug|Any CPU = Debug|Any CPU
		Release|Any CPU = Release|Any CPU
	EndGlobalSection
	GlobalSection(ProjectConfigurationPlatforms) = postSolution
		{4E7A0AB2-2DF3-4BE9-BD47-F64EEBA59DDF}.Debug|Any CPU.ActiveCfg = Debug|Any CPU
		{4E7A0AB2-2DF3-4BE9-BD47-F64EEBA59DDF}.Debug|Any CPU.Build.0 = Debug|Any CPU
		{4E7A0AB2-2DF3-4BE9-BD47-F64EEBA59DDF}.Release|Any CPU.ActiveCfg = Release|Any CPU
		{4E7A0AB2-2DF3-4BE9-BD47-F64EEBA59DDF}.Release|Any CPU.Build.0 = Release|Any CPU
	EndGlobalSection
	GlobalSection(SolutionProperties) = preSolution
		HideSolutionNode = FALSE
	EndGlobalSection
	GlobalSection(ExtensibilityGlobals) = postSolution
		SolutionGuid = {5174E434-E65F-4DD3-9DB6-8E81F748F17D}
	EndGlobalSection
EndGlobal
