
Microsoft Visual Studio Solution File, Format Version 12.00
# Visual Studio Version 16
VisualStudioVersion = 16.0.30011.22
MinimumVisualStudioVersion = 10.0.40219.1
Project("{FAE04EC0-301F-11D3-BF4B-00C04F79EFBC}") = "02_Variables", "02_Variables.csproj", "{FA96AB58-65E2-44AA-96D8-8A7B9117023B}"
EndProject
Global
	GlobalSection(SolutionConfigurationPlatforms) = preSolution
		Debug|Any CPU = Debug|Any CPU
		Release|Any CPU = Release|Any CPU
	EndGlobalSection
	GlobalSection(ProjectConfigurationPlatforms) = postSolution
		{FA96AB58-65E2-44AA-96D8-8A7B9117023B}.Debug|Any CPU.ActiveCfg = Debug|Any CPU
		{FA96AB58-65E2-44AA-96D8-8A7B9117023B}.Debug|Any CPU.Build.0 = Debug|Any CPU
		{FA96AB58-65E2-44AA-96D8-8A7B9117023B}.Release|Any CPU.ActiveCfg = Release|Any CPU
		{FA96AB58-65E2-44AA-96D8-8A7B9117023B}.Release|Any CPU.Build.0 = Release|Any CPU
	EndGlobalSection
	GlobalSection(SolutionProperties) = preSolution
		HideSolutionNode = FALSE
	EndGlobalSection
	GlobalSection(ExtensibilityGlobals) = postSolution
		SolutionGuid = {F610DE92-FF9F-4C48-B5D9-D899C587AED2}
	EndGlobalSection
EndGlobal
