
Microsoft Visual Studio Solution File, Format Version 12.00
# Visual Studio Version 16
VisualStudioVersion = 16.0.30011.22
MinimumVisualStudioVersion = 10.0.40219.1
Project("{FAE04EC0-301F-11D3-BF4B-00C04F79EFBC}") = "009_Ternary(Coordinates)", "009_Ternary(Coordinates).csproj", "{90DE2C56-7FD9-4576-8D3D-4017B61AAA7C}"
EndProject
Global
	GlobalSection(SolutionConfigurationPlatforms) = preSolution
		Debug|Any CPU = Debug|Any CPU
		Release|Any CPU = Release|Any CPU
	EndGlobalSection
	GlobalSection(ProjectConfigurationPlatforms) = postSolution
		{90DE2C56-7FD9-4576-8D3D-4017B61AAA7C}.Debug|Any CPU.ActiveCfg = Debug|Any CPU
		{90DE2C56-7FD9-4576-8D3D-4017B61AAA7C}.Debug|Any CPU.Build.0 = Debug|Any CPU
		{90DE2C56-7FD9-4576-8D3D-4017B61AAA7C}.Release|Any CPU.ActiveCfg = Release|Any CPU
		{90DE2C56-7FD9-4576-8D3D-4017B61AAA7C}.Release|Any CPU.Build.0 = Release|Any CPU
	EndGlobalSection
	GlobalSection(SolutionProperties) = preSolution
		HideSolutionNode = FALSE
	EndGlobalSection
	GlobalSection(ExtensibilityGlobals) = postSolution
		SolutionGuid = {F478F4BA-5BBB-4FFE-947D-9C636DE2C3FE}
	EndGlobalSection
EndGlobal
