
Microsoft Visual Studio Solution File, Format Version 12.00
# Visual Studio Version 16
VisualStudioVersion = 16.0.30517.126
MinimumVisualStudioVersion = 10.0.40219.1
Project("{FAE04EC0-301F-11D3-BF4B-00C04F79EFBC}") = "HW_04", "HW_04.csproj", "{EAA79127-DDE1-49E9-B3B0-6AC7A3259737}"
EndProject
Global
	GlobalSection(SolutionConfigurationPlatforms) = preSolution
		Debug|Any CPU = Debug|Any CPU
		Release|Any CPU = Release|Any CPU
	EndGlobalSection
	GlobalSection(ProjectConfigurationPlatforms) = postSolution
		{EAA79127-DDE1-49E9-B3B0-6AC7A3259737}.Debug|Any CPU.ActiveCfg = Debug|Any CPU
		{EAA79127-DDE1-49E9-B3B0-6AC7A3259737}.Debug|Any CPU.Build.0 = Debug|Any CPU
		{EAA79127-DDE1-49E9-B3B0-6AC7A3259737}.Release|Any CPU.ActiveCfg = Release|Any CPU
		{EAA79127-DDE1-49E9-B3B0-6AC7A3259737}.Release|Any CPU.Build.0 = Release|Any CPU
	EndGlobalSection
	GlobalSection(SolutionProperties) = preSolution
		HideSolutionNode = FALSE
	EndGlobalSection
	GlobalSection(ExtensibilityGlobals) = postSolution
		SolutionGuid = {639F9CC2-8CF8-4914-92F3-D62476680B7D}
	EndGlobalSection
EndGlobal
