
Microsoft Visual Studio Solution File, Format Version 12.00
# Visual Studio Version 16
VisualStudioVersion = 16.0.30413.136
MinimumVisualStudioVersion = 10.0.40219.1
Project("{FAE04EC0-301F-11D3-BF4B-00C04F79EFBC}") = "Homework_Book", "Homework_Book.csproj", "{CC859A41-26E6-4472-B409-022C2A7DF180}"
EndProject
Global
	GlobalSection(SolutionConfigurationPlatforms) = preSolution
		Debug|Any CPU = Debug|Any CPU
		Release|Any CPU = Release|Any CPU
	EndGlobalSection
	GlobalSection(ProjectConfigurationPlatforms) = postSolution
		{CC859A41-26E6-4472-B409-022C2A7DF180}.Debug|Any CPU.ActiveCfg = Debug|Any CPU
		{CC859A41-26E6-4472-B409-022C2A7DF180}.Debug|Any CPU.Build.0 = Debug|Any CPU
		{CC859A41-26E6-4472-B409-022C2A7DF180}.Release|Any CPU.ActiveCfg = Release|Any CPU
		{CC859A41-26E6-4472-B409-022C2A7DF180}.Release|Any CPU.Build.0 = Release|Any CPU
	EndGlobalSection
	GlobalSection(SolutionProperties) = preSolution
		HideSolutionNode = FALSE
	EndGlobalSection
	GlobalSection(ExtensibilityGlobals) = postSolution
		SolutionGuid = {99719C4E-25E0-4075-B576-E712E9E783F9}
	EndGlobalSection
EndGlobal
