
Microsoft Visual Studio Solution File, Format Version 12.00
# Visual Studio Version 16
VisualStudioVersion = 16.0.30413.136
MinimumVisualStudioVersion = 10.0.40219.1
Project("{FAE04EC0-301F-11D3-BF4B-00C04F79EFBC}") = "ExtraTask", "ExtraTask.csproj", "{9BADA7CE-F6DF-4969-A5B3-B7F0763AC7F1}"
EndProject
Global
	GlobalSection(SolutionConfigurationPlatforms) = preSolution
		Debug|Any CPU = Debug|Any CPU
		Release|Any CPU = Release|Any CPU
	EndGlobalSection
	GlobalSection(ProjectConfigurationPlatforms) = postSolution
		{9BADA7CE-F6DF-4969-A5B3-B7F0763AC7F1}.Debug|Any CPU.ActiveCfg = Debug|Any CPU
		{9BADA7CE-F6DF-4969-A5B3-B7F0763AC7F1}.Debug|Any CPU.Build.0 = Debug|Any CPU
		{9BADA7CE-F6DF-4969-A5B3-B7F0763AC7F1}.Release|Any CPU.ActiveCfg = Release|Any CPU
		{9BADA7CE-F6DF-4969-A5B3-B7F0763AC7F1}.Release|Any CPU.Build.0 = Release|Any CPU
	EndGlobalSection
	GlobalSection(SolutionProperties) = preSolution
		HideSolutionNode = FALSE
	EndGlobalSection
	GlobalSection(ExtensibilityGlobals) = postSolution
		SolutionGuid = {D52A73A4-CFB3-4235-BD99-023B97AF1CA8}
	EndGlobalSection
EndGlobal
