
Microsoft Visual Studio Solution File, Format Version 12.00
# Visual Studio Version 16
VisualStudioVersion = 16.0.30011.22
MinimumVisualStudioVersion = 10.0.40219.1
Project("{FAE04EC0-301F-11D3-BF4B-00C04F79EFBC}") = "012_Switch(Weekdays)", "012_Switch(Weekdays).csproj", "{588F6BFA-47F2-4DBB-91DA-97D144CBF95D}"
EndProject
Global
	GlobalSection(SolutionConfigurationPlatforms) = preSolution
		Debug|Any CPU = Debug|Any CPU
		Release|Any CPU = Release|Any CPU
	EndGlobalSection
	GlobalSection(ProjectConfigurationPlatforms) = postSolution
		{588F6BFA-47F2-4DBB-91DA-97D144CBF95D}.Debug|Any CPU.ActiveCfg = Debug|Any CPU
		{588F6BFA-47F2-4DBB-91DA-97D144CBF95D}.Debug|Any CPU.Build.0 = Debug|Any CPU
		{588F6BFA-47F2-4DBB-91DA-97D144CBF95D}.Release|Any CPU.ActiveCfg = Release|Any CPU
		{588F6BFA-47F2-4DBB-91DA-97D144CBF95D}.Release|Any CPU.Build.0 = Release|Any CPU
	EndGlobalSection
	GlobalSection(SolutionProperties) = preSolution
		HideSolutionNode = FALSE
	EndGlobalSection
	GlobalSection(ExtensibilityGlobals) = postSolution
		SolutionGuid = {8CD75B35-4066-4669-8A15-47A56843D156}
	EndGlobalSection
EndGlobal
