
Microsoft Visual Studio Solution File, Format Version 12.00
# Visual Studio Version 16
VisualStudioVersion = 16.0.30011.22
MinimumVisualStudioVersion = 10.0.40219.1
Project("{FAE04EC0-301F-11D3-BF4B-00C04F79EFBC}") = "011_Switch", "011_Switch.csproj", "{B8EABE79-04D4-435E-A219-5A74C2A1CD61}"
EndProject
Global
	GlobalSection(SolutionConfigurationPlatforms) = preSolution
		Debug|Any CPU = Debug|Any CPU
		Release|Any CPU = Release|Any CPU
	EndGlobalSection
	GlobalSection(ProjectConfigurationPlatforms) = postSolution
		{B8EABE79-04D4-435E-A219-5A74C2A1CD61}.Debug|Any CPU.ActiveCfg = Debug|Any CPU
		{B8EABE79-04D4-435E-A219-5A74C2A1CD61}.Debug|Any CPU.Build.0 = Debug|Any CPU
		{B8EABE79-04D4-435E-A219-5A74C2A1CD61}.Release|Any CPU.ActiveCfg = Release|Any CPU
		{B8EABE79-04D4-435E-A219-5A74C2A1CD61}.Release|Any CPU.Build.0 = Release|Any CPU
	EndGlobalSection
	GlobalSection(SolutionProperties) = preSolution
		HideSolutionNode = FALSE
	EndGlobalSection
	GlobalSection(ExtensibilityGlobals) = postSolution
		SolutionGuid = {BFE489B1-A791-4F77-96AE-8B8064291617}
	EndGlobalSection
EndGlobal
