
Microsoft Visual Studio Solution File, Format Version 12.00
# Visual Studio Version 16
VisualStudioVersion = 16.0.30517.126
MinimumVisualStudioVersion = 10.0.40219.1
Project("{FAE04EC0-301F-11D3-BF4B-00C04F79EFBC}") = "01_AbstractionHW", "01_AbstractionHW.csproj", "{8A99F032-AB09-4B9E-9411-D038F22DEFDD}"
EndProject
Global
	GlobalSection(SolutionConfigurationPlatforms) = preSolution
		Debug|Any CPU = Debug|Any CPU
		Release|Any CPU = Release|Any CPU
	EndGlobalSection
	GlobalSection(ProjectConfigurationPlatforms) = postSolution
		{8A99F032-AB09-4B9E-9411-D038F22DEFDD}.Debug|Any CPU.ActiveCfg = Debug|Any CPU
		{8A99F032-AB09-4B9E-9411-D038F22DEFDD}.Debug|Any CPU.Build.0 = Debug|Any CPU
		{8A99F032-AB09-4B9E-9411-D038F22DEFDD}.Release|Any CPU.ActiveCfg = Release|Any CPU
		{8A99F032-AB09-4B9E-9411-D038F22DEFDD}.Release|Any CPU.Build.0 = Release|Any CPU
	EndGlobalSection
	GlobalSection(SolutionProperties) = preSolution
		HideSolutionNode = FALSE
	EndGlobalSection
	GlobalSection(ExtensibilityGlobals) = postSolution
		SolutionGuid = {AAB15844-9081-4546-AF96-5138A12C640F}
	EndGlobalSection
EndGlobal
