
Microsoft Visual Studio Solution File, Format Version 12.00
# Visual Studio Version 16
VisualStudioVersion = 16.0.30011.22
MinimumVisualStudioVersion = 10.0.40219.1
Project("{FAE04EC0-301F-11D3-BF4B-00C04F79EFBC}") = "001_If", "001_If.csproj", "{B1051AAE-EE05-49E3-9DA8-0406434FB435}"
EndProject
Global
	GlobalSection(SolutionConfigurationPlatforms) = preSolution
		Debug|Any CPU = Debug|Any CPU
		Release|Any CPU = Release|Any CPU
	EndGlobalSection
	GlobalSection(ProjectConfigurationPlatforms) = postSolution
		{B1051AAE-EE05-49E3-9DA8-0406434FB435}.Debug|Any CPU.ActiveCfg = Debug|Any CPU
		{B1051AAE-EE05-49E3-9DA8-0406434FB435}.Debug|Any CPU.Build.0 = Debug|Any CPU
		{B1051AAE-EE05-49E3-9DA8-0406434FB435}.Release|Any CPU.ActiveCfg = Release|Any CPU
		{B1051AAE-EE05-49E3-9DA8-0406434FB435}.Release|Any CPU.Build.0 = Release|Any CPU
	EndGlobalSection
	GlobalSection(SolutionProperties) = preSolution
		HideSolutionNode = FALSE
	EndGlobalSection
	GlobalSection(ExtensibilityGlobals) = postSolution
		SolutionGuid = {10C2BC52-84E7-4265-B5DD-54962D2AEE4B}
	EndGlobalSection
EndGlobal
