
Microsoft Visual Studio Solution File, Format Version 12.00
# Visual Studio Version 16
VisualStudioVersion = 16.0.30413.136
MinimumVisualStudioVersion = 10.0.40219.1
Project("{FAE04EC0-301F-11D3-BF4B-00C04F79EFBC}") = "004_Constructors", "004_Constructors.csproj", "{26AD6152-F580-4E54-842F-38B6B46BEFE3}"
EndProject
Global
	GlobalSection(SolutionConfigurationPlatforms) = preSolution
		Debug|Any CPU = Debug|Any CPU
		Release|Any CPU = Release|Any CPU
	EndGlobalSection
	GlobalSection(ProjectConfigurationPlatforms) = postSolution
		{26AD6152-F580-4E54-842F-38B6B46BEFE3}.Debug|Any CPU.ActiveCfg = Debug|Any CPU
		{26AD6152-F580-4E54-842F-38B6B46BEFE3}.Debug|Any CPU.Build.0 = Debug|Any CPU
		{26AD6152-F580-4E54-842F-38B6B46BEFE3}.Release|Any CPU.ActiveCfg = Release|Any CPU
		{26AD6152-F580-4E54-842F-38B6B46BEFE3}.Release|Any CPU.Build.0 = Release|Any CPU
	EndGlobalSection
	GlobalSection(SolutionProperties) = preSolution
		HideSolutionNode = FALSE
	EndGlobalSection
	GlobalSection(ExtensibilityGlobals) = postSolution
		SolutionGuid = {C9F81883-2283-4769-A160-97952DF4D40B}
	EndGlobalSection
EndGlobal
