
Microsoft Visual Studio Solution File, Format Version 12.00
# Visual Studio Version 16
VisualStudioVersion = 16.0.30011.22
MinimumVisualStudioVersion = 10.0.40219.1
Project("{FAE04EC0-301F-11D3-BF4B-00C04F79EFBC}") = "003_If-else", "003_If-else.csproj", "{5D4628CC-206F-4E5B-A0BE-1F4B5FD83439}"
EndProject
Global
	GlobalSection(SolutionConfigurationPlatforms) = preSolution
		Debug|Any CPU = Debug|Any CPU
		Release|Any CPU = Release|Any CPU
	EndGlobalSection
	GlobalSection(ProjectConfigurationPlatforms) = postSolution
		{5D4628CC-206F-4E5B-A0BE-1F4B5FD83439}.Debug|Any CPU.ActiveCfg = Debug|Any CPU
		{5D4628CC-206F-4E5B-A0BE-1F4B5FD83439}.Debug|Any CPU.Build.0 = Debug|Any CPU
		{5D4628CC-206F-4E5B-A0BE-1F4B5FD83439}.Release|Any CPU.ActiveCfg = Release|Any CPU
		{5D4628CC-206F-4E5B-A0BE-1F4B5FD83439}.Release|Any CPU.Build.0 = Release|Any CPU
	EndGlobalSection
	GlobalSection(SolutionProperties) = preSolution
		HideSolutionNode = FALSE
	EndGlobalSection
	GlobalSection(ExtensibilityGlobals) = postSolution
		SolutionGuid = {5B03D2DA-265C-405B-950B-43B8C98B1B06}
	EndGlobalSection
EndGlobal
